
Microsoft Visual Studio Solution File, Format Version 12.00
# Visual Studio 15
Project("{FAE04EC0-301F-11D3-BF4B-00C04F79EFBC}") = "Assembly-CSharp", "Assembly-CSharp.csproj", "{836C5143-882A-1641-AC4B-52B8027892A5}"
EndProject
Project("{FAE04EC0-301F-11D3-BF4B-00C04F79EFBC}") = "Oculus.VR", "Oculus.VR.csproj", "{13641E1D-178D-1D0F-FBF7-F85E0CB11822}"
EndProject
Project("{FAE04EC0-301F-11D3-BF4B-00C04F79EFBC}") = "Assembly-CSharp-Editor", "Assembly-CSharp-Editor.csproj", "{355C6D7E-ED84-76E8-FF76-03EC9AA5883F}"
EndProject
Project("{FAE04EC0-301F-11D3-BF4B-00C04F79EFBC}") = "Oculus.VR.Scripts.Editor", "Oculus.VR.Scripts.Editor.csproj", "{0DD59DAA-DD00-422E-84A2-B047138549E2}"
EndProject
Project("{FAE04EC0-301F-11D3-BF4B-00C04F79EFBC}") = "Oculus.VR.Editor", "Oculus.VR.Editor.csproj", "{BC5F24D6-A95C-8686-72A1-2E1F5071B294}"
EndProject
Global
	GlobalSection(SolutionConfigurationPlatforms) = preSolution
		Debug|Any CPU = Debug|Any CPU
		Release|Any CPU = Release|Any CPU
	EndGlobalSection
	GlobalSection(ProjectConfigurationPlatforms) = postSolution
		{836C5143-882A-1641-AC4B-52B8027892A5}.Debug|Any CPU.ActiveCfg = Debug|Any CPU
		{836C5143-882A-1641-AC4B-52B8027892A5}.Debug|Any CPU.Build.0 = Debug|Any CPU
		{836C5143-882A-1641-AC4B-52B8027892A5}.Release|Any CPU.ActiveCfg = Release|Any CPU
		{836C5143-882A-1641-AC4B-52B8027892A5}.Release|Any CPU.Build.0 = Release|Any CPU
		{13641E1D-178D-1D0F-FBF7-F85E0CB11822}.Debug|Any CPU.ActiveCfg = Debug|Any CPU
		{13641E1D-178D-1D0F-FBF7-F85E0CB11822}.Debug|Any CPU.Build.0 = Debug|Any CPU
		{13641E1D-178D-1D0F-FBF7-F85E0CB11822}.Release|Any CPU.ActiveCfg = Release|Any CPU
		{13641E1D-178D-1D0F-FBF7-F85E0CB11822}.Release|Any CPU.Build.0 = Release|Any CPU
		{355C6D7E-ED84-76E8-FF76-03EC9AA5883F}.Debug|Any CPU.ActiveCfg = Debug|Any CPU
		{355C6D7E-ED84-76E8-FF76-03EC9AA5883F}.Debug|Any CPU.Build.0 = Debug|Any CPU
		{355C6D7E-ED84-76E8-FF76-03EC9AA5883F}.Release|Any CPU.ActiveCfg = Release|Any CPU
		{355C6D7E-ED84-76E8-FF76-03EC9AA5883F}.Release|Any CPU.Build.0 = Release|Any CPU
		{0DD59DAA-DD00-422E-84A2-B047138549E2}.Debug|Any CPU.ActiveCfg = Debug|Any CPU
		{0DD59DAA-DD00-422E-84A2-B047138549E2}.Debug|Any CPU.Build.0 = Debug|Any CPU
		{0DD59DAA-DD00-422E-84A2-B047138549E2}.Release|Any CPU.ActiveCfg = Release|Any CPU
		{0DD59DAA-DD00-422E-84A2-B047138549E2}.Release|Any CPU.Build.0 = Release|Any CPU
		{BC5F24D6-A95C-8686-72A1-2E1F5071B294}.Debug|Any CPU.ActiveCfg = Debug|Any CPU
		{BC5F24D6-A95C-8686-72A1-2E1F5071B294}.Debug|Any CPU.Build.0 = Debug|Any CPU
		{BC5F24D6-A95C-8686-72A1-2E1F5071B294}.Release|Any CPU.ActiveCfg = Release|Any CPU
		{BC5F24D6-A95C-8686-72A1-2E1F5071B294}.Release|Any CPU.Build.0 = Release|Any CPU
	EndGlobalSection
	GlobalSection(SolutionProperties) = preSolution
		HideSolutionNode = FALSE
	EndGlobalSection
EndGlobal
